
Microsoft Visual Studio Solution File, Format Version 12.00
# Visual Studio 15
VisualStudioVersion = 15.0.27703.2042
MinimumVisualStudioVersion = 10.0.40219.1
Project("{FAE04EC0-301F-11D3-BF4B-00C04F79EFBC}") = "ShopList.Android", "ShopList\ShopList.Android\ShopList.Android.csproj", "{2470513E-E9DF-4259-843A-D0C521C9D5F0}"
EndProject
Project("{FAE04EC0-301F-11D3-BF4B-00C04F79EFBC}") = "ShopList.iOS", "ShopList\ShopList.iOS\ShopList.iOS.csproj", "{F36FAF95-0E35-4132-BA28-24265158ECDA}"
EndProject
Project("{FAE04EC0-301F-11D3-BF4B-00C04F79EFBC}") = "ShopList.UWP", "ShopList\ShopList.UWP\ShopList.UWP.csproj", "{3B549988-694B-495F-969A-751BF8122B72}"
EndProject
Project("{D954291E-2A0B-460D-934E-DC6B0785DB48}") = "ShopList", "ShopList\ShopList\ShopList.shproj", "{B0413DCA-F1F4-4D9E-95BE-7A9001257C2C}"
EndProject
Global
	GlobalSection(SharedMSBuildProjectFiles) = preSolution
		ShopList\ShopList\ShopList.projitems*{2470513e-e9df-4259-843a-d0c521c9d5f0}*SharedItemsImports = 4
		ShopList\ShopList\ShopList.projitems*{3b549988-694b-495f-969a-751bf8122b72}*SharedItemsImports = 4
		ShopList\ShopList\ShopList.projitems*{b0413dca-f1f4-4d9e-95be-7a9001257c2c}*SharedItemsImports = 13
		ShopList\ShopList\ShopList.projitems*{f36faf95-0e35-4132-ba28-24265158ecda}*SharedItemsImports = 4
	EndGlobalSection
	GlobalSection(SolutionConfigurationPlatforms) = preSolution
		Ad-Hoc|Any CPU = Ad-Hoc|Any CPU
		Ad-Hoc|ARM = Ad-Hoc|ARM
		Ad-Hoc|iPhone = Ad-Hoc|iPhone
		Ad-Hoc|iPhoneSimulator = Ad-Hoc|iPhoneSimulator
		Ad-Hoc|x64 = Ad-Hoc|x64
		Ad-Hoc|x86 = Ad-Hoc|x86
		AppStore|Any CPU = AppStore|Any CPU
		AppStore|ARM = AppStore|ARM
		AppStore|iPhone = AppStore|iPhone
		AppStore|iPhoneSimulator = AppStore|iPhoneSimulator
		AppStore|x64 = AppStore|x64
		AppStore|x86 = AppStore|x86
		Debug|Any CPU = Debug|Any CPU
		Debug|ARM = Debug|ARM
		Debug|iPhone = Debug|iPhone
		Debug|iPhoneSimulator = Debug|iPhoneSimulator
		Debug|x64 = Debug|x64
		Debug|x86 = Debug|x86
		Release|Any CPU = Release|Any CPU
		Release|ARM = Release|ARM
		Release|iPhone = Release|iPhone
		Release|iPhoneSimulator = Release|iPhoneSimulator
		Release|x64 = Release|x64
		Release|x86 = Release|x86
	EndGlobalSection
	GlobalSection(ProjectConfigurationPlatforms) = postSolution
		{2470513E-E9DF-4259-843A-D0C521C9D5F0}.Ad-Hoc|Any CPU.ActiveCfg = Release|Any CPU
		{2470513E-E9DF-4259-843A-D0C521C9D5F0}.Ad-Hoc|Any CPU.Build.0 = Release|Any CPU
		{2470513E-E9DF-4259-843A-D0C521C9D5F0}.Ad-Hoc|Any CPU.Deploy.0 = Release|Any CPU
		{2470513E-E9DF-4259-843A-D0C521C9D5F0}.Ad-Hoc|ARM.ActiveCfg = Release|Any CPU
		{2470513E-E9DF-4259-843A-D0C521C9D5F0}.Ad-Hoc|ARM.Build.0 = Release|Any CPU
		{2470513E-E9DF-4259-843A-D0C521C9D5F0}.Ad-Hoc|ARM.Deploy.0 = Release|Any CPU
		{2470513E-E9DF-4259-843A-D0C521C9D5F0}.Ad-Hoc|iPhone.ActiveCfg = Release|Any CPU
		{2470513E-E9DF-4259-843A-D0C521C9D5F0}.Ad-Hoc|iPhone.Build.0 = Release|Any CPU
		{2470513E-E9DF-4259-843A-D0C521C9D5F0}.Ad-Hoc|iPhone.Deploy.0 = Release|Any CPU
		{2470513E-E9DF-4259-843A-D0C521C9D5F0}.Ad-Hoc|iPhoneSimulator.ActiveCfg = Release|Any CPU
		{2470513E-E9DF-4259-843A-D0C521C9D5F0}.Ad-Hoc|iPhoneSimulator.Build.0 = Release|Any CPU
		{2470513E-E9DF-4259-843A-D0C521C9D5F0}.Ad-Hoc|iPhoneSimulator.Deploy.0 = Release|Any CPU
		{2470513E-E9DF-4259-843A-D0C521C9D5F0}.Ad-Hoc|x64.ActiveCfg = Release|Any CPU
		{2470513E-E9DF-4259-843A-D0C521C9D5F0}.Ad-Hoc|x64.Build.0 = Release|Any CPU
		{2470513E-E9DF-4259-843A-D0C521C9D5F0}.Ad-Hoc|x64.Deploy.0 = Release|Any CPU
		{2470513E-E9DF-4259-843A-D0C521C9D5F0}.Ad-Hoc|x86.ActiveCfg = Release|Any CPU
		{2470513E-E9DF-4259-843A-D0C521C9D5F0}.Ad-Hoc|x86.Build.0 = Release|Any CPU
		{2470513E-E9DF-4259-843A-D0C521C9D5F0}.Ad-Hoc|x86.Deploy.0 = Release|Any CPU
		{2470513E-E9DF-4259-843A-D0C521C9D5F0}.AppStore|Any CPU.ActiveCfg = Release|Any CPU
		{2470513E-E9DF-4259-843A-D0C521C9D5F0}.AppStore|Any CPU.Build.0 = Release|Any CPU
		{2470513E-E9DF-4259-843A-D0C521C9D5F0}.AppStore|Any CPU.Deploy.0 = Release|Any CPU
		{2470513E-E9DF-4259-843A-D0C521C9D5F0}.AppStore|ARM.ActiveCfg = Release|Any CPU
		{2470513E-E9DF-4259-843A-D0C521C9D5F0}.AppStore|ARM.Build.0 = Release|Any CPU
		{2470513E-E9DF-4259-843A-D0C521C9D5F0}.AppStore|ARM.Deploy.0 = Release|Any CPU
		{2470513E-E9DF-4259-843A-D0C521C9D5F0}.AppStore|iPhone.ActiveCfg = Release|Any CPU
		{2470513E-E9DF-4259-843A-D0C521C9D5F0}.AppStore|iPhone.Build.0 = Release|Any CPU
		{2470513E-E9DF-4259-843A-D0C521C9D5F0}.AppStore|iPhone.Deploy.0 = Release|Any CPU
		{2470513E-E9DF-4259-843A-D0C521C9D5F0}.AppStore|iPhoneSimulator.ActiveCfg = Release|Any CPU
		{2470513E-E9DF-4259-843A-D0C521C9D5F0}.AppStore|iPhoneSimulator.Build.0 = Release|Any CPU
		{2470513E-E9DF-4259-843A-D0C521C9D5F0}.AppStore|iPhoneSimulator.Deploy.0 = Release|Any CPU
		{2470513E-E9DF-4259-843A-D0C521C9D5F0}.AppStore|x64.ActiveCfg = Release|Any CPU
		{2470513E-E9DF-4259-843A-D0C521C9D5F0}.AppStore|x64.Build.0 = Release|Any CPU
		{2470513E-E9DF-4259-843A-D0C521C9D5F0}.AppStore|x64.Deploy.0 = Release|Any CPU
		{2470513E-E9DF-4259-843A-D0C521C9D5F0}.AppStore|x86.ActiveCfg = Release|Any CPU
		{2470513E-E9DF-4259-843A-D0C521C9D5F0}.AppStore|x86.Build.0 = Release|Any CPU
		{2470513E-E9DF-4259-843A-D0C521C9D5F0}.AppStore|x86.Deploy.0 = Release|Any CPU
		{2470513E-E9DF-4259-843A-D0C521C9D5F0}.Debug|Any CPU.ActiveCfg = Debug|Any CPU
		{2470513E-E9DF-4259-843A-D0C521C9D5F0}.Debug|Any CPU.Build.0 = Debug|Any CPU
		{2470513E-E9DF-4259-843A-D0C521C9D5F0}.Debug|Any CPU.Deploy.0 = Debug|Any CPU
		{2470513E-E9DF-4259-843A-D0C521C9D5F0}.Debug|ARM.ActiveCfg = Debug|Any CPU
		{2470513E-E9DF-4259-843A-D0C521C9D5F0}.Debug|ARM.Build.0 = Debug|Any CPU
		{2470513E-E9DF-4259-843A-D0C521C9D5F0}.Debug|ARM.Deploy.0 = Debug|Any CPU
		{2470513E-E9DF-4259-843A-D0C521C9D5F0}.Debug|iPhone.ActiveCfg = Debug|Any CPU
		{2470513E-E9DF-4259-843A-D0C521C9D5F0}.Debug|iPhone.Build.0 = Debug|Any CPU
		{2470513E-E9DF-4259-843A-D0C521C9D5F0}.Debug|iPhone.Deploy.0 = Debug|Any CPU
		{2470513E-E9DF-4259-843A-D0C521C9D5F0}.Debug|iPhoneSimulator.ActiveCfg = Debug|Any CPU
		{2470513E-E9DF-4259-843A-D0C521C9D5F0}.Debug|iPhoneSimulator.Build.0 = Debug|Any CPU
		{2470513E-E9DF-4259-843A-D0C521C9D5F0}.Debug|iPhoneSimulator.Deploy.0 = Debug|Any CPU
		{2470513E-E9DF-4259-843A-D0C521C9D5F0}.Debug|x64.ActiveCfg = Debug|Any CPU
		{2470513E-E9DF-4259-843A-D0C521C9D5F0}.Debug|x64.Build.0 = Debug|Any CPU
		{2470513E-E9DF-4259-843A-D0C521C9D5F0}.Debug|x64.Deploy.0 = Debug|Any CPU
		{2470513E-E9DF-4259-843A-D0C521C9D5F0}.Debug|x86.ActiveCfg = Debug|Any CPU
		{2470513E-E9DF-4259-843A-D0C521C9D5F0}.Debug|x86.Build.0 = Debug|Any CPU
		{2470513E-E9DF-4259-843A-D0C521C9D5F0}.Debug|x86.Deploy.0 = Debug|Any CPU
		{2470513E-E9DF-4259-843A-D0C521C9D5F0}.Release|Any CPU.ActiveCfg = Release|Any CPU
		{2470513E-E9DF-4259-843A-D0C521C9D5F0}.Release|Any CPU.Build.0 = Release|Any CPU
		{2470513E-E9DF-4259-843A-D0C521C9D5F0}.Release|Any CPU.Deploy.0 = Release|Any CPU
		{2470513E-E9DF-4259-843A-D0C521C9D5F0}.Release|ARM.ActiveCfg = Release|Any CPU
		{2470513E-E9DF-4259-843A-D0C521C9D5F0}.Release|ARM.Build.0 = Release|Any CPU
		{2470513E-E9DF-4259-843A-D0C521C9D5F0}.Release|ARM.Deploy.0 = Release|Any CPU
		{2470513E-E9DF-4259-843A-D0C521C9D5F0}.Release|iPhone.ActiveCfg = Release|Any CPU
		{2470513E-E9DF-4259-843A-D0C521C9D5F0}.Release|iPhone.Build.0 = Release|Any CPU
		{2470513E-E9DF-4259-843A-D0C521C9D5F0}.Release|iPhone.Deploy.0 = Release|Any CPU
		{2470513E-E9DF-4259-843A-D0C521C9D5F0}.Release|iPhoneSimulator.ActiveCfg = Release|Any CPU
		{2470513E-E9DF-4259-843A-D0C521C9D5F0}.Release|iPhoneSimulator.Build.0 = Release|Any CPU
		{2470513E-E9DF-4259-843A-D0C521C9D5F0}.Release|iPhoneSimulator.Deploy.0 = Release|Any CPU
		{2470513E-E9DF-4259-843A-D0C521C9D5F0}.Release|x64.ActiveCfg = Release|Any CPU
		{2470513E-E9DF-4259-843A-D0C521C9D5F0}.Release|x64.Build.0 = Release|Any CPU
		{2470513E-E9DF-4259-843A-D0C521C9D5F0}.Release|x64.Deploy.0 = Release|Any CPU
		{2470513E-E9DF-4259-843A-D0C521C9D5F0}.Release|x86.ActiveCfg = Release|Any CPU
		{2470513E-E9DF-4259-843A-D0C521C9D5F0}.Release|x86.Build.0 = Release|Any CPU
		{2470513E-E9DF-4259-843A-D0C521C9D5F0}.Release|x86.Deploy.0 = Release|Any CPU
		{F36FAF95-0E35-4132-BA28-24265158ECDA}.Ad-Hoc|Any CPU.ActiveCfg = Ad-Hoc|iPhone
		{F36FAF95-0E35-4132-BA28-24265158ECDA}.Ad-Hoc|Any CPU.Build.0 = Ad-Hoc|iPhone
		{F36FAF95-0E35-4132-BA28-24265158ECDA}.Ad-Hoc|Any CPU.Deploy.0 = Ad-Hoc|iPhone
		{F36FAF95-0E35-4132-BA28-24265158ECDA}.Ad-Hoc|ARM.ActiveCfg = Ad-Hoc|iPhone
		{F36FAF95-0E35-4132-BA28-24265158ECDA}.Ad-Hoc|ARM.Build.0 = Ad-Hoc|iPhone
		{F36FAF95-0E35-4132-BA28-24265158ECDA}.Ad-Hoc|ARM.Deploy.0 = Ad-Hoc|iPhone
		{F36FAF95-0E35-4132-BA28-24265158ECDA}.Ad-Hoc|iPhone.ActiveCfg = Ad-Hoc|iPhone
		{F36FAF95-0E35-4132-BA28-24265158ECDA}.Ad-Hoc|iPhone.Build.0 = Ad-Hoc|iPhone
		{F36FAF95-0E35-4132-BA28-24265158ECDA}.Ad-Hoc|iPhone.Deploy.0 = Ad-Hoc|iPhone
		{F36FAF95-0E35-4132-BA28-24265158ECDA}.Ad-Hoc|iPhoneSimulator.ActiveCfg = Ad-Hoc|iPhoneSimulator
		{F36FAF95-0E35-4132-BA28-24265158ECDA}.Ad-Hoc|iPhoneSimulator.Build.0 = Ad-Hoc|iPhoneSimulator
		{F36FAF95-0E35-4132-BA28-24265158ECDA}.Ad-Hoc|iPhoneSimulator.Deploy.0 = Ad-Hoc|iPhoneSimulator
		{F36FAF95-0E35-4132-BA28-24265158ECDA}.Ad-Hoc|x64.ActiveCfg = Ad-Hoc|iPhone
		{F36FAF95-0E35-4132-BA28-24265158ECDA}.Ad-Hoc|x64.Build.0 = Ad-Hoc|iPhone
		{F36FAF95-0E35-4132-BA28-24265158ECDA}.Ad-Hoc|x64.Deploy.0 = Ad-Hoc|iPhone
		{F36FAF95-0E35-4132-BA28-24265158ECDA}.Ad-Hoc|x86.ActiveCfg = Ad-Hoc|iPhone
		{F36FAF95-0E35-4132-BA28-24265158ECDA}.Ad-Hoc|x86.Build.0 = Ad-Hoc|iPhone
		{F36FAF95-0E35-4132-BA28-24265158ECDA}.Ad-Hoc|x86.Deploy.0 = Ad-Hoc|iPhone
		{F36FAF95-0E35-4132-BA28-24265158ECDA}.AppStore|Any CPU.ActiveCfg = AppStore|iPhone
		{F36FAF95-0E35-4132-BA28-24265158ECDA}.AppStore|Any CPU.Build.0 = AppStore|iPhone
		{F36FAF95-0E35-4132-BA28-24265158ECDA}.AppStore|Any CPU.Deploy.0 = AppStore|iPhone
		{F36FAF95-0E35-4132-BA28-24265158ECDA}.AppStore|ARM.ActiveCfg = AppStore|iPhone
		{F36FAF95-0E35-4132-BA28-24265158ECDA}.AppStore|ARM.Build.0 = AppStore|iPhone
		{F36FAF95-0E35-4132-BA28-24265158ECDA}.AppStore|ARM.Deploy.0 = AppStore|iPhone
		{F36FAF95-0E35-4132-BA28-24265158ECDA}.AppStore|iPhone.ActiveCfg = AppStore|iPhone
		{F36FAF95-0E35-4132-BA28-24265158ECDA}.AppStore|iPhone.Build.0 = AppStore|iPhone
		{F36FAF95-0E35-4132-BA28-24265158ECDA}.AppStore|iPhone.Deploy.0 = AppStore|iPhone
		{F36FAF95-0E35-4132-BA28-24265158ECDA}.AppStore|iPhoneSimulator.ActiveCfg = AppStore|iPhoneSimulator
		{F36FAF95-0E35-4132-BA28-24265158ECDA}.AppStore|iPhoneSimulator.Build.0 = AppStore|iPhoneSimulator
		{F36FAF95-0E35-4132-BA28-24265158ECDA}.AppStore|iPhoneSimulator.Deploy.0 = AppStore|iPhoneSimulator
		{F36FAF95-0E35-4132-BA28-24265158ECDA}.AppStore|x64.ActiveCfg = AppStore|iPhone
		{F36FAF95-0E35-4132-BA28-24265158ECDA}.AppStore|x64.Build.0 = AppStore|iPhone
		{F36FAF95-0E35-4132-BA28-24265158ECDA}.AppStore|x64.Deploy.0 = AppStore|iPhone
		{F36FAF95-0E35-4132-BA28-24265158ECDA}.AppStore|x86.ActiveCfg = AppStore|iPhone
		{F36FAF95-0E35-4132-BA28-24265158ECDA}.AppStore|x86.Build.0 = AppStore|iPhone
		{F36FAF95-0E35-4132-BA28-24265158ECDA}.AppStore|x86.Deploy.0 = AppStore|iPhone
		{F36FAF95-0E35-4132-BA28-24265158ECDA}.Debug|Any CPU.ActiveCfg = Debug|iPhoneSimulator
		{F36FAF95-0E35-4132-BA28-24265158ECDA}.Debug|Any CPU.Build.0 = Debug|iPhoneSimulator
		{F36FAF95-0E35-4132-BA28-24265158ECDA}.Debug|Any CPU.Deploy.0 = Debug|iPhoneSimulator
		{F36FAF95-0E35-4132-BA28-24265158ECDA}.Debug|ARM.ActiveCfg = Debug|iPhone
		{F36FAF95-0E35-4132-BA28-24265158ECDA}.Debug|ARM.Build.0 = Debug|iPhone
		{F36FAF95-0E35-4132-BA28-24265158ECDA}.Debug|ARM.Deploy.0 = Debug|iPhone
		{F36FAF95-0E35-4132-BA28-24265158ECDA}.Debug|iPhone.ActiveCfg = Debug|iPhone
		{F36FAF95-0E35-4132-BA28-24265158ECDA}.Debug|iPhone.Build.0 = Debug|iPhone
		{F36FAF95-0E35-4132-BA28-24265158ECDA}.Debug|iPhone.Deploy.0 = Debug|iPhone
		{F36FAF95-0E35-4132-BA28-24265158ECDA}.Debug|iPhoneSimulator.ActiveCfg = Debug|iPhoneSimulator
		{F36FAF95-0E35-4132-BA28-24265158ECDA}.Debug|iPhoneSimulator.Build.0 = Debug|iPhoneSimulator
		{F36FAF95-0E35-4132-BA28-24265158ECDA}.Debug|iPhoneSimulator.Deploy.0 = Debug|iPhoneSimulator
		{F36FAF95-0E35-4132-BA28-24265158ECDA}.Debug|x64.ActiveCfg = Debug|iPhone
		{F36FAF95-0E35-4132-BA28-24265158ECDA}.Debug|x64.Build.0 = Debug|iPhone
		{F36FAF95-0E35-4132-BA28-24265158ECDA}.Debug|x64.Deploy.0 = Debug|iPhone
		{F36FAF95-0E35-4132-BA28-24265158ECDA}.Debug|x86.ActiveCfg = Debug|iPhone
		{F36FAF95-0E35-4132-BA28-24265158ECDA}.Debug|x86.Build.0 = Debug|iPhone
		{F36FAF95-0E35-4132-BA28-24265158ECDA}.Debug|x86.Deploy.0 = Debug|iPhone
		{F36FAF95-0E35-4132-BA28-24265158ECDA}.Release|Any CPU.ActiveCfg = Release|iPhone
		{F36FAF95-0E35-4132-BA28-24265158ECDA}.Release|Any CPU.Build.0 = Release|iPhone
		{F36FAF95-0E35-4132-BA28-24265158ECDA}.Release|Any CPU.Deploy.0 = Release|iPhone
		{F36FAF95-0E35-4132-BA28-24265158ECDA}.Release|ARM.ActiveCfg = Release|iPhone
		{F36FAF95-0E35-4132-BA28-24265158ECDA}.Release|ARM.Build.0 = Release|iPhone
		{F36FAF95-0E35-4132-BA28-24265158ECDA}.Release|ARM.Deploy.0 = Release|iPhone
		{F36FAF95-0E35-4132-BA28-24265158ECDA}.Release|iPhone.ActiveCfg = Release|iPhone
		{F36FAF95-0E35-4132-BA28-24265158ECDA}.Release|iPhone.Build.0 = Release|iPhone
		{F36FAF95-0E35-4132-BA28-24265158ECDA}.Release|iPhone.Deploy.0 = Release|iPhone
		{F36FAF95-0E35-4132-BA28-24265158ECDA}.Release|iPhoneSimulator.ActiveCfg = Release|iPhoneSimulator
		{F36FAF95-0E35-4132-BA28-24265158ECDA}.Release|iPhoneSimulator.Build.0 = Release|iPhoneSimulator
		{F36FAF95-0E35-4132-BA28-24265158ECDA}.Release|iPhoneSimulator.Deploy.0 = Release|iPhoneSimulator
		{F36FAF95-0E35-4132-BA28-24265158ECDA}.Release|x64.ActiveCfg = Release|iPhone
		{F36FAF95-0E35-4132-BA28-24265158ECDA}.Release|x64.Build.0 = Release|iPhone
		{F36FAF95-0E35-4132-BA28-24265158ECDA}.Release|x64.Deploy.0 = Release|iPhone
		{F36FAF95-0E35-4132-BA28-24265158ECDA}.Release|x86.ActiveCfg = Release|iPhone
		{F36FAF95-0E35-4132-BA28-24265158ECDA}.Release|x86.Build.0 = Release|iPhone
		{F36FAF95-0E35-4132-BA28-24265158ECDA}.Release|x86.Deploy.0 = Release|iPhone
		{3B549988-694B-495F-969A-751BF8122B72}.Ad-Hoc|Any CPU.ActiveCfg = Release|x86
		{3B549988-694B-495F-969A-751BF8122B72}.Ad-Hoc|Any CPU.Build.0 = Release|x86
		{3B549988-694B-495F-969A-751BF8122B72}.Ad-Hoc|Any CPU.Deploy.0 = Release|x86
		{3B549988-694B-495F-969A-751BF8122B72}.Ad-Hoc|ARM.ActiveCfg = Release|ARM
		{3B549988-694B-495F-969A-751BF8122B72}.Ad-Hoc|ARM.Build.0 = Release|ARM
		{3B549988-694B-495F-969A-751BF8122B72}.Ad-Hoc|ARM.Deploy.0 = Release|ARM
		{3B549988-694B-495F-969A-751BF8122B72}.Ad-Hoc|iPhone.ActiveCfg = Release|x86
		{3B549988-694B-495F-969A-751BF8122B72}.Ad-Hoc|iPhone.Build.0 = Release|x86
		{3B549988-694B-495F-969A-751BF8122B72}.Ad-Hoc|iPhone.Deploy.0 = Release|x86
		{3B549988-694B-495F-969A-751BF8122B72}.Ad-Hoc|iPhoneSimulator.ActiveCfg = Release|x86
		{3B549988-694B-495F-969A-751BF8122B72}.Ad-Hoc|iPhoneSimulator.Build.0 = Release|x86
		{3B549988-694B-495F-969A-751BF8122B72}.Ad-Hoc|iPhoneSimulator.Deploy.0 = Release|x86
		{3B549988-694B-495F-969A-751BF8122B72}.Ad-Hoc|x64.ActiveCfg = Release|x64
		{3B549988-694B-495F-969A-751BF8122B72}.Ad-Hoc|x64.Build.0 = Release|x64
		{3B549988-694B-495F-969A-751BF8122B72}.Ad-Hoc|x64.Deploy.0 = Release|x64
		{3B549988-694B-495F-969A-751BF8122B72}.Ad-Hoc|x86.ActiveCfg = Release|x86
		{3B549988-694B-495F-969A-751BF8122B72}.Ad-Hoc|x86.Build.0 = Release|x86
		{3B549988-694B-495F-969A-751BF8122B72}.Ad-Hoc|x86.Deploy.0 = Release|x86
		{3B549988-694B-495F-969A-751BF8122B72}.AppStore|Any CPU.ActiveCfg = Release|x86
		{3B549988-694B-495F-969A-751BF8122B72}.AppStore|Any CPU.Build.0 = Release|x86
		{3B549988-694B-495F-969A-751BF8122B72}.AppStore|Any CPU.Deploy.0 = Release|x86
		{3B549988-694B-495F-969A-751BF8122B72}.AppStore|ARM.ActiveCfg = Release|ARM
		{3B549988-694B-495F-969A-751BF8122B72}.AppStore|ARM.Build.0 = Release|ARM
		{3B549988-694B-495F-969A-751BF8122B72}.AppStore|ARM.Deploy.0 = Release|ARM
		{3B549988-694B-495F-969A-751BF8122B72}.AppStore|iPhone.ActiveCfg = Release|x86
		{3B549988-694B-495F-969A-751BF8122B72}.AppStore|iPhone.Build.0 = Release|x86
		{3B549988-694B-495F-969A-751BF8122B72}.AppStore|iPhone.Deploy.0 = Release|x86
		{3B549988-694B-495F-969A-751BF8122B72}.AppStore|iPhoneSimulator.ActiveCfg = Release|x86
		{3B549988-694B-495F-969A-751BF8122B72}.AppStore|iPhoneSimulator.Build.0 = Release|x86
		{3B549988-694B-495F-969A-751BF8122B72}.AppStore|iPhoneSimulator.Deploy.0 = Release|x86
		{3B549988-694B-495F-969A-751BF8122B72}.AppStore|x64.ActiveCfg = Release|x64
		{3B549988-694B-495F-969A-751BF8122B72}.AppStore|x64.Build.0 = Release|x64
		{3B549988-694B-495F-969A-751BF8122B72}.AppStore|x64.Deploy.0 = Release|x64
		{3B549988-694B-495F-969A-751BF8122B72}.AppStore|x86.ActiveCfg = Release|x86
		{3B549988-694B-495F-969A-751BF8122B72}.AppStore|x86.Build.0 = Release|x86
		{3B549988-694B-495F-969A-751BF8122B72}.AppStore|x86.Deploy.0 = Release|x86
		{3B549988-694B-495F-969A-751BF8122B72}.Debug|Any CPU.ActiveCfg = Debug|x86
		{3B549988-694B-495F-969A-751BF8122B72}.Debug|Any CPU.Build.0 = Debug|x86
		{3B549988-694B-495F-969A-751BF8122B72}.Debug|Any CPU.Deploy.0 = Debug|x86
		{3B549988-694B-495F-969A-751BF8122B72}.Debug|ARM.ActiveCfg = Debug|ARM
		{3B549988-694B-495F-969A-751BF8122B72}.Debug|ARM.Build.0 = Debug|ARM
		{3B549988-694B-495F-969A-751BF8122B72}.Debug|ARM.Deploy.0 = Debug|ARM
		{3B549988-694B-495F-969A-751BF8122B72}.Debug|iPhone.ActiveCfg = Debug|x86
		{3B549988-694B-495F-969A-751BF8122B72}.Debug|iPhone.Build.0 = Debug|x86
		{3B549988-694B-495F-969A-751BF8122B72}.Debug|iPhone.Deploy.0 = Debug|x86
		{3B549988-694B-495F-969A-751BF8122B72}.Debug|iPhoneSimulator.ActiveCfg = Debug|x86
		{3B549988-694B-495F-969A-751BF8122B72}.Debug|iPhoneSimulator.Build.0 = Debug|x86
		{3B549988-694B-495F-969A-751BF8122B72}.Debug|iPhoneSimulator.Deploy.0 = Debug|x86
		{3B549988-694B-495F-969A-751BF8122B72}.Debug|x64.ActiveCfg = Debug|x64
		{3B549988-694B-495F-969A-751BF8122B72}.Debug|x64.Build.0 = Debug|x64
		{3B549988-694B-495F-969A-751BF8122B72}.Debug|x64.Deploy.0 = Debug|x64
		{3B549988-694B-495F-969A-751BF8122B72}.Debug|x86.ActiveCfg = Debug|x86
		{3B549988-694B-495F-969A-751BF8122B72}.Debug|x86.Build.0 = Debug|x86
		{3B549988-694B-495F-969A-751BF8122B72}.Debug|x86.Deploy.0 = Debug|x86
		{3B549988-694B-495F-969A-751BF8122B72}.Release|Any CPU.ActiveCfg = Release|x86
		{3B549988-694B-495F-969A-751BF8122B72}.Release|Any CPU.Build.0 = Release|x86
		{3B549988-694B-495F-969A-751BF8122B72}.Release|Any CPU.Deploy.0 = Release|x86
		{3B549988-694B-495F-969A-751BF8122B72}.Release|ARM.ActiveCfg = Release|ARM
		{3B549988-694B-495F-969A-751BF8122B72}.Release|ARM.Build.0 = Release|ARM
		{3B549988-694B-495F-969A-751BF8122B72}.Release|ARM.Deploy.0 = Release|ARM
		{3B549988-694B-495F-969A-751BF8122B72}.Release|iPhone.ActiveCfg = Release|x86
		{3B549988-694B-495F-969A-751BF8122B72}.Release|iPhone.Build.0 = Release|x86
		{3B549988-694B-495F-969A-751BF8122B72}.Release|iPhone.Deploy.0 = Release|x86
		{3B549988-694B-495F-969A-751BF8122B72}.Release|iPhoneSimulator.ActiveCfg = Release|x86
		{3B549988-694B-495F-969A-751BF8122B72}.Release|iPhoneSimulator.Build.0 = Release|x86
		{3B549988-694B-495F-969A-751BF8122B72}.Release|iPhoneSimulator.Deploy.0 = Release|x86
		{3B549988-694B-495F-969A-751BF8122B72}.Release|x64.ActiveCfg = Release|x64
		{3B549988-694B-495F-969A-751BF8122B72}.Release|x64.Build.0 = Release|x64
		{3B549988-694B-495F-969A-751BF8122B72}.Release|x64.Deploy.0 = Release|x64
		{3B549988-694B-495F-969A-751BF8122B72}.Release|x86.ActiveCfg = Release|x86
		{3B549988-694B-495F-969A-751BF8122B72}.Release|x86.Build.0 = Release|x86
		{3B549988-694B-495F-969A-751BF8122B72}.Release|x86.Deploy.0 = Release|x86
	EndGlobalSection
	GlobalSection(SolutionProperties) = preSolution
		HideSolutionNode = FALSE
	EndGlobalSection
	GlobalSection(ExtensibilityGlobals) = postSolution
		SolutionGuid = {8F4EBAB6-A537-4676-9895-8BB3755C796A}
	EndGlobalSection
EndGlobal
